
Microsoft Visual Studio Solution File, Format Version 12.00
# Visual Studio Version 16
VisualStudioVersion = 16.0.30114.105
MinimumVisualStudioVersion = 10.0.40219.1
Project("{FAE04EC0-301F-11D3-BF4B-00C04F79EFBC}") = "Dbarone.Net.Database", "Dbarone.Net.Database\Dbarone.Net.Database.csproj", "{87D45535-035B-4C85-9EFB-E933B0AFFC21}"
EndProject
Project("{FAE04EC0-301F-11D3-BF4B-00C04F79EFBC}") = "Dbarone.Net.Database.Tests", "Dbarone.Net.Database.Tests\Dbarone.Net.Database.Tests.csproj", "{B3DF505C-009D-497D-8169-CBB41C048DEA}"
EndProject
Global
	GlobalSection(SolutionConfigurationPlatforms) = preSolution
		Debug|Any CPU = Debug|Any CPU
		Release|Any CPU = Release|Any CPU
	EndGlobalSection
	GlobalSection(SolutionProperties) = preSolution
		HideSolutionNode = FALSE
	EndGlobalSection
	GlobalSection(ProjectConfigurationPlatforms) = postSolution
		{87D45535-035B-4C85-9EFB-E933B0AFFC21}.Debug|Any CPU.ActiveCfg = Debug|Any CPU
		{87D45535-035B-4C85-9EFB-E933B0AFFC21}.Debug|Any CPU.Build.0 = Debug|Any CPU
		{87D45535-035B-4C85-9EFB-E933B0AFFC21}.Release|Any CPU.ActiveCfg = Release|Any CPU
		{87D45535-035B-4C85-9EFB-E933B0AFFC21}.Release|Any CPU.Build.0 = Release|Any CPU
		{B3DF505C-009D-497D-8169-CBB41C048DEA}.Debug|Any CPU.ActiveCfg = Debug|Any CPU
		{B3DF505C-009D-497D-8169-CBB41C048DEA}.Debug|Any CPU.Build.0 = Debug|Any CPU
		{B3DF505C-009D-497D-8169-CBB41C048DEA}.Release|Any CPU.ActiveCfg = Release|Any CPU
		{B3DF505C-009D-497D-8169-CBB41C048DEA}.Release|Any CPU.Build.0 = Release|Any CPU
	EndGlobalSection
EndGlobal
